
Microsoft Visual Studio Solution File, Format Version 12.00
# Visual Studio Version 17
VisualStudioVersion = 17.3.32901.215
MinimumVisualStudioVersion = 10.0.40219.1
Project("{FAE04EC0-301F-11D3-BF4B-00C04F79EFBC}") = "Login-auth-tutorial", "Login-auth-tutorial.csproj", "{DC72D66E-E9EB-450A-A29E-7AD64066410E}"
EndProject
Global
	GlobalSection(SolutionConfigurationPlatforms) = preSolution
		Debug|Any CPU = Debug|Any CPU
		Release|Any CPU = Release|Any CPU
	EndGlobalSection
	GlobalSection(ProjectConfigurationPlatforms) = postSolution
		{DC72D66E-E9EB-450A-A29E-7AD64066410E}.Debug|Any CPU.ActiveCfg = Debug|Any CPU
		{DC72D66E-E9EB-450A-A29E-7AD64066410E}.Debug|Any CPU.Build.0 = Debug|Any CPU
		{DC72D66E-E9EB-450A-A29E-7AD64066410E}.Release|Any CPU.ActiveCfg = Release|Any CPU
		{DC72D66E-E9EB-450A-A29E-7AD64066410E}.Release|Any CPU.Build.0 = Release|Any CPU
	EndGlobalSection
	GlobalSection(SolutionProperties) = preSolution
		HideSolutionNode = FALSE
	EndGlobalSection
	GlobalSection(ExtensibilityGlobals) = postSolution
		SolutionGuid = {2E7D777A-C018-4161-90EF-DAEE4AEE3426}
	EndGlobalSection
EndGlobal
